schema: '2.0'
stages:
  train_baseline:
    cmd: python -m creditrisk.pipelines.train_baseline --config configs/baseline.yaml
    deps:
    - path: configs/baseline.yaml
      hash: md5
      md5: ec6be0ce7afc893fd2fa051a38ad19e4
      size: 6292
    - path: data/raw/POS_CASH_balance.csv
      hash: md5
      md5: cb8e5cc3885d1e53753955ffde317b44
      size: 392703158
    - path: data/raw/application_train.csv
      hash: md5
      md5: 793a017f41fbac1dc28176b26dbab30e
      size: 166133370
    - path: data/raw/bureau.csv
      hash: md5
      md5: ec0f59a16e7071de66b83217b23bb390
      size: 170016717
    - path: data/raw/bureau_balance.csv
      hash: md5
      md5: 5e815ea6eb338752724bcf46da13c602
      size: 375592889
    - path: data/raw/credit_card_balance.csv
      hash: md5
      md5: ff83bfc2285d218802c6dff749bc5efc
      size: 424582605
    - path: data/raw/installments_payments.csv
      hash: md5
      md5: 4e9751972d02c376f0e75edbf6c9d07d
      size: 723118349
    - path: data/raw/previous_application.csv
      hash: md5
      md5: bd1eb5f08a4700414db1742e5cc0f9fa
      size: 404973293
    - path: src/creditrisk/config.py
      hash: md5
      md5: f627c7936a7147dbdce791cad6b940af
      size: 8648
    - path: src/creditrisk/data/datasets.py
      hash: md5
      md5: 17603de61eeba0e832d0051ea0addfcd
      size: 1826
    - path: src/creditrisk/features/feature_store.py
      hash: md5
      md5: 24e47396e3cda14158d10a966c59579d
      size: 16983
    - path: src/creditrisk/features/preprocess.py
      hash: md5
      md5: b1b88832300444941670e9eca699f87d
      size: 6547
    - path: src/creditrisk/models/baseline.py
      hash: md5
      md5: 493f23b1daae42049bb9148307d96ce1
      size: 5577
    - path: src/creditrisk/pipelines/train_baseline.py
      hash: md5
      md5: bca71741f3f4e4af01b984dff901a435
      size: 9469
    params:
      configs/baseline.yaml:
        data.raw_path: data/raw/application_train.csv
        data.target_column: TARGET
        model.type: xgboost
        training.random_state: 42
        training.test_size: 0.2
    outs:
    - path: models/baseline_model.joblib
      hash: md5
      md5: 9139bd37f58b662978ca3cf5dfabf8aa
      size: 1246483
    - path: reports/evaluation
      hash: md5
      md5: 9411e10b8b92cde03dc11e879bdbfb72.dir
      size: 144793
      nfiles: 5
    - path: reports/metrics.json
      hash: md5
      md5: c7df124ed7cedc604dbea4be2a9c52bd
      size: 172
